
Microsoft Visual Studio Solution File, Format Version 12.00
# Visual Studio Version 17
VisualStudioVersion = 17.0.31903.59
MinimumVisualStudioVersion = 10.0.40219.1
Project("{FAE04EC0-301F-11D3-BF4B-00C04F79EFBC}") = "Sluice", "src\Sluice\Sluice.csproj", "{00000001-0000-0000-0000-000000000001}"
EndProject
Project("{FAE04EC0-301F-11D3-BF4B-00C04F79EFBC}") = "Sluice.Tests", "tests\Sluice.Tests\Sluice.Tests.csproj", "{00000002-0000-0000-0000-000000000002}"
EndProject
Project("{FAE04EC0-301F-11D3-BF4B-00C04F79EFBC}") = "Sluice.Generators", "src\Sluice.Generators\Sluice.Generators.csproj", "{00000003-0000-0000-0000-000000000003}"
EndProject
Project("{2150E333-8FDC-42A3-9474-1A3956D46DE8}") = "examples", "examples", "{B36A84DF-456D-A817-6EDD-3EC3E7F6E11F}"
EndProject
Project("{2150E333-8FDC-42A3-9474-1A3956D46DE8}") = "dashboard", "dashboard", "{22A2BBD7-0BC5-63CD-3900-358D6B32308C}"
EndProject
Project("{FAE04EC0-301F-11D3-BF4B-00C04F79EFBC}") = "SluiceDashboard", "examples\dashboard\SluiceDashboard.csproj", "{2D2053B8-4761-40BB-A228-0BE302DB21E1}"
EndProject
Project("{2150E333-8FDC-42A3-9474-1A3956D46DE8}") = "src", "src", "{827E0CD3-B72D-47B6-A68D-7590B98EB39B}"
EndProject
Project("{FAE04EC0-301F-11D3-BF4B-00C04F79EFBC}") = "Sluice.Redis", "src\Sluice.Redis\Sluice.Redis.csproj", "{AC08F67A-C7A0-4520-B17B-871252F0012D}"
EndProject
Project("{2150E333-8FDC-42A3-9474-1A3956D46DE8}") = "tests", "tests", "{0AB3BF05-4346-4AA6-1389-037BE0695223}"
EndProject
Project("{FAE04EC0-301F-11D3-BF4B-00C04F79EFBC}") = "Sluice.Redis.Tests", "tests\Sluice.Redis.Tests\Sluice.Redis.Tests.csproj", "{291242A0-A691-4602-B1BF-E88048C06943}"
EndProject
Project("{2150E333-8FDC-42A3-9474-1A3956D46DE8}") = "user-profile", "user-profile", "{22A2BBD7-0BC5-63CD-3900-358D6B32308B}"
EndProject
Project("{FAE04EC0-301F-11D3-BF4B-00C04F79EFBC}") = "UserProfile.Domain", "examples\user-profile\UserProfile.Domain\UserProfile.Domain.csproj", "{0F8D0845-A565-4801-8671-D53832A4C174}"
EndProject
Project("{FAE04EC0-301F-11D3-BF4B-00C04F79EFBC}") = "UserProfile.Manual", "examples\user-profile\UserProfile.Manual\UserProfile.Manual.csproj", "{EF9B5406-2FDA-490F-A633-75E8E1EDFAE8}"
EndProject
Project("{FAE04EC0-301F-11D3-BF4B-00C04F79EFBC}") = "UserProfile.Generated", "examples\user-profile\UserProfile.Generated\UserProfile.Generated.csproj", "{49A9A341-DA57-4C40-9A76-4ABA81D9F5D3}"
EndProject
Project("{FAE04EC0-301F-11D3-BF4B-00C04F79EFBC}") = "Sluice.Example.Tests", "tests\Sluice.Example.Tests\Sluice.Example.Tests.csproj", "{34D95C26-F927-4B54-BFC2-05D234A2BD57}"
EndProject
Project("{2150E333-8FDC-42A3-9474-1A3956D46DE8}") = "playground", "playground", "{99AFFC27-0C58-57BB-6D2C-5998B78A12C3}"
EndProject
Project("{FAE04EC0-301F-11D3-BF4B-00C04F79EFBC}") = "Playground", "examples\playground\Playground.csproj", "{0B055D9E-160D-4257-A1B4-718004C0F2A5}"
EndProject
Global
	GlobalSection(SolutionConfigurationPlatforms) = preSolution
		Debug|Any CPU = Debug|Any CPU
		Debug|x64 = Debug|x64
		Debug|x86 = Debug|x86
		Release|Any CPU = Release|Any CPU
		Release|x64 = Release|x64
		Release|x86 = Release|x86
	EndGlobalSection
	GlobalSection(ProjectConfigurationPlatforms) = postSolution
		{00000001-0000-0000-0000-000000000001}.Debug|Any CPU.ActiveCfg = Debug|Any CPU
		{00000001-0000-0000-0000-000000000001}.Debug|Any CPU.Build.0 = Debug|Any CPU
		{00000001-0000-0000-0000-000000000001}.Debug|x64.ActiveCfg = Debug|Any CPU
		{00000001-0000-0000-0000-000000000001}.Debug|x64.Build.0 = Debug|Any CPU
		{00000001-0000-0000-0000-000000000001}.Debug|x86.ActiveCfg = Debug|Any CPU
		{00000001-0000-0000-0000-000000000001}.Debug|x86.Build.0 = Debug|Any CPU
		{00000001-0000-0000-0000-000000000001}.Release|Any CPU.ActiveCfg = Release|Any CPU
		{00000001-0000-0000-0000-000000000001}.Release|Any CPU.Build.0 = Release|Any CPU
		{00000001-0000-0000-0000-000000000001}.Release|x64.ActiveCfg = Release|Any CPU
		{00000001-0000-0000-0000-000000000001}.Release|x64.Build.0 = Release|Any CPU
		{00000001-0000-0000-0000-000000000001}.Release|x86.ActiveCfg = Release|Any CPU
		{00000001-0000-0000-0000-000000000001}.Release|x86.Build.0 = Release|Any CPU
		{00000002-0000-0000-0000-000000000002}.Debug|Any CPU.ActiveCfg = Debug|Any CPU
		{00000002-0000-0000-0000-000000000002}.Debug|Any CPU.Build.0 = Debug|Any CPU
		{00000002-0000-0000-0000-000000000002}.Debug|x64.ActiveCfg = Debug|Any CPU
		{00000002-0000-0000-0000-000000000002}.Debug|x64.Build.0 = Debug|Any CPU
		{00000002-0000-0000-0000-000000000002}.Debug|x86.ActiveCfg = Debug|Any CPU
		{00000002-0000-0000-0000-000000000002}.Debug|x86.Build.0 = Debug|Any CPU
		{00000002-0000-0000-0000-000000000002}.Release|Any CPU.ActiveCfg = Release|Any CPU
		{00000002-0000-0000-0000-000000000002}.Release|Any CPU.Build.0 = Release|Any CPU
		{00000002-0000-0000-0000-000000000002}.Release|x64.ActiveCfg = Release|Any CPU
		{00000002-0000-0000-0000-000000000002}.Release|x64.Build.0 = Release|Any CPU
		{00000002-0000-0000-0000-000000000002}.Release|x86.ActiveCfg = Release|Any CPU
		{00000002-0000-0000-0000-000000000002}.Release|x86.Build.0 = Release|Any CPU
		{00000003-0000-0000-0000-000000000003}.Debug|Any CPU.ActiveCfg = Debug|Any CPU
		{00000003-0000-0000-0000-000000000003}.Debug|Any CPU.Build.0 = Debug|Any CPU
		{00000003-0000-0000-0000-000000000003}.Debug|x64.ActiveCfg = Debug|Any CPU
		{00000003-0000-0000-0000-000000000003}.Debug|x64.Build.0 = Debug|Any CPU
		{00000003-0000-0000-0000-000000000003}.Debug|x86.ActiveCfg = Debug|Any CPU
		{00000003-0000-0000-0000-000000000003}.Debug|x86.Build.0 = Debug|Any CPU
		{00000003-0000-0000-0000-000000000003}.Release|Any CPU.ActiveCfg = Release|Any CPU
		{00000003-0000-0000-0000-000000000003}.Release|Any CPU.Build.0 = Release|Any CPU
		{00000003-0000-0000-0000-000000000003}.Release|x64.ActiveCfg = Release|Any CPU
		{00000003-0000-0000-0000-000000000003}.Release|x64.Build.0 = Release|Any CPU
		{00000003-0000-0000-0000-000000000003}.Release|x86.ActiveCfg = Release|Any CPU
		{00000003-0000-0000-0000-000000000003}.Release|x86.Build.0 = Release|Any CPU
		{2D2053B8-4761-40BB-A228-0BE302DB21E1}.Debug|Any CPU.ActiveCfg = Debug|Any CPU
		{2D2053B8-4761-40BB-A228-0BE302DB21E1}.Debug|Any CPU.Build.0 = Debug|Any CPU
		{2D2053B8-4761-40BB-A228-0BE302DB21E1}.Debug|x64.ActiveCfg = Debug|Any CPU
		{2D2053B8-4761-40BB-A228-0BE302DB21E1}.Debug|x64.Build.0 = Debug|Any CPU
		{2D2053B8-4761-40BB-A228-0BE302DB21E1}.Debug|x86.ActiveCfg = Debug|Any CPU
		{2D2053B8-4761-40BB-A228-0BE302DB21E1}.Debug|x86.Build.0 = Debug|Any CPU
		{2D2053B8-4761-40BB-A228-0BE302DB21E1}.Release|Any CPU.ActiveCfg = Release|Any CPU
		{2D2053B8-4761-40BB-A228-0BE302DB21E1}.Release|Any CPU.Build.0 = Release|Any CPU
		{2D2053B8-4761-40BB-A228-0BE302DB21E1}.Release|x64.ActiveCfg = Release|Any CPU
		{2D2053B8-4761-40BB-A228-0BE302DB21E1}.Release|x64.Build.0 = Release|Any CPU
		{2D2053B8-4761-40BB-A228-0BE302DB21E1}.Release|x86.ActiveCfg = Release|Any CPU
		{2D2053B8-4761-40BB-A228-0BE302DB21E1}.Release|x86.Build.0 = Release|Any CPU
		{AC08F67A-C7A0-4520-B17B-871252F0012D}.Debug|Any CPU.ActiveCfg = Debug|Any CPU
		{AC08F67A-C7A0-4520-B17B-871252F0012D}.Debug|Any CPU.Build.0 = Debug|Any CPU
		{AC08F67A-C7A0-4520-B17B-871252F0012D}.Debug|x64.ActiveCfg = Debug|Any CPU
		{AC08F67A-C7A0-4520-B17B-871252F0012D}.Debug|x64.Build.0 = Debug|Any CPU
		{AC08F67A-C7A0-4520-B17B-871252F0012D}.Debug|x86.ActiveCfg = Debug|Any CPU
		{AC08F67A-C7A0-4520-B17B-871252F0012D}.Debug|x86.Build.0 = Debug|Any CPU
		{AC08F67A-C7A0-4520-B17B-871252F0012D}.Release|Any CPU.ActiveCfg = Release|Any CPU
		{AC08F67A-C7A0-4520-B17B-871252F0012D}.Release|Any CPU.Build.0 = Release|Any CPU
		{AC08F67A-C7A0-4520-B17B-871252F0012D}.Release|x64.ActiveCfg = Release|Any CPU
		{AC08F67A-C7A0-4520-B17B-871252F0012D}.Release|x64.Build.0 = Release|Any CPU
		{AC08F67A-C7A0-4520-B17B-871252F0012D}.Release|x86.ActiveCfg = Release|Any CPU
		{AC08F67A-C7A0-4520-B17B-871252F0012D}.Release|x86.Build.0 = Release|Any CPU
		{291242A0-A691-4602-B1BF-E88048C06943}.Debug|Any CPU.ActiveCfg = Debug|Any CPU
		{291242A0-A691-4602-B1BF-E88048C06943}.Debug|Any CPU.Build.0 = Debug|Any CPU
		{291242A0-A691-4602-B1BF-E88048C06943}.Debug|x64.ActiveCfg = Debug|Any CPU
		{291242A0-A691-4602-B1BF-E88048C06943}.Debug|x64.Build.0 = Debug|Any CPU
		{291242A0-A691-4602-B1BF-E88048C06943}.Debug|x86.ActiveCfg = Debug|Any CPU
		{291242A0-A691-4602-B1BF-E88048C06943}.Debug|x86.Build.0 = Debug|Any CPU
		{291242A0-A691-4602-B1BF-E88048C06943}.Release|Any CPU.ActiveCfg = Release|Any CPU
		{291242A0-A691-4602-B1BF-E88048C06943}.Release|Any CPU.Build.0 = Release|Any CPU
		{291242A0-A691-4602-B1BF-E88048C06943}.Release|x64.ActiveCfg = Release|Any CPU
		{291242A0-A691-4602-B1BF-E88048C06943}.Release|x64.Build.0 = Release|Any CPU
		{291242A0-A691-4602-B1BF-E88048C06943}.Release|x86.ActiveCfg = Release|Any CPU
		{291242A0-A691-4602-B1BF-E88048C06943}.Release|x86.Build.0 = Release|Any CPU
		{0F8D0845-A565-4801-8671-D53832A4C174}.Debug|Any CPU.ActiveCfg = Debug|Any CPU
		{0F8D0845-A565-4801-8671-D53832A4C174}.Debug|Any CPU.Build.0 = Debug|Any CPU
		{0F8D0845-A565-4801-8671-D53832A4C174}.Debug|x64.ActiveCfg = Debug|Any CPU
		{0F8D0845-A565-4801-8671-D53832A4C174}.Debug|x64.Build.0 = Debug|Any CPU
		{0F8D0845-A565-4801-8671-D53832A4C174}.Debug|x86.ActiveCfg = Debug|Any CPU
		{0F8D0845-A565-4801-8671-D53832A4C174}.Debug|x86.Build.0 = Debug|Any CPU
		{0F8D0845-A565-4801-8671-D53832A4C174}.Release|Any CPU.ActiveCfg = Release|Any CPU
		{0F8D0845-A565-4801-8671-D53832A4C174}.Release|Any CPU.Build.0 = Release|Any CPU
		{0F8D0845-A565-4801-8671-D53832A4C174}.Release|x64.ActiveCfg = Release|Any CPU
		{0F8D0845-A565-4801-8671-D53832A4C174}.Release|x64.Build.0 = Release|Any CPU
		{0F8D0845-A565-4801-8671-D53832A4C174}.Release|x86.ActiveCfg = Release|Any CPU
		{0F8D0845-A565-4801-8671-D53832A4C174}.Release|x86.Build.0 = Release|Any CPU
		{EF9B5406-2FDA-490F-A633-75E8E1EDFAE8}.Debug|Any CPU.ActiveCfg = Debug|Any CPU
		{EF9B5406-2FDA-490F-A633-75E8E1EDFAE8}.Debug|Any CPU.Build.0 = Debug|Any CPU
		{EF9B5406-2FDA-490F-A633-75E8E1EDFAE8}.Debug|x64.ActiveCfg = Debug|Any CPU
		{EF9B5406-2FDA-490F-A633-75E8E1EDFAE8}.Debug|x64.Build.0 = Debug|Any CPU
		{EF9B5406-2FDA-490F-A633-75E8E1EDFAE8}.Debug|x86.ActiveCfg = Debug|Any CPU
		{EF9B5406-2FDA-490F-A633-75E8E1EDFAE8}.Debug|x86.Build.0 = Debug|Any CPU
		{EF9B5406-2FDA-490F-A633-75E8E1EDFAE8}.Release|Any CPU.ActiveCfg = Release|Any CPU
		{EF9B5406-2FDA-490F-A633-75E8E1EDFAE8}.Release|Any CPU.Build.0 = Release|Any CPU
		{EF9B5406-2FDA-490F-A633-75E8E1EDFAE8}.Release|x64.ActiveCfg = Release|Any CPU
		{EF9B5406-2FDA-490F-A633-75E8E1EDFAE8}.Release|x64.Build.0 = Release|Any CPU
		{EF9B5406-2FDA-490F-A633-75E8E1EDFAE8}.Release|x86.ActiveCfg = Release|Any CPU
		{EF9B5406-2FDA-490F-A633-75E8E1EDFAE8}.Release|x86.Build.0 = Release|Any CPU
		{49A9A341-DA57-4C40-9A76-4ABA81D9F5D3}.Debug|Any CPU.ActiveCfg = Debug|Any CPU
		{49A9A341-DA57-4C40-9A76-4ABA81D9F5D3}.Debug|Any CPU.Build.0 = Debug|Any CPU
		{49A9A341-DA57-4C40-9A76-4ABA81D9F5D3}.Debug|x64.ActiveCfg = Debug|Any CPU
		{49A9A341-DA57-4C40-9A76-4ABA81D9F5D3}.Debug|x64.Build.0 = Debug|Any CPU
		{49A9A341-DA57-4C40-9A76-4ABA81D9F5D3}.Debug|x86.ActiveCfg = Debug|Any CPU
		{49A9A341-DA57-4C40-9A76-4ABA81D9F5D3}.Debug|x86.Build.0 = Debug|Any CPU
		{49A9A341-DA57-4C40-9A76-4ABA81D9F5D3}.Release|Any CPU.ActiveCfg = Release|Any CPU
		{49A9A341-DA57-4C40-9A76-4ABA81D9F5D3}.Release|Any CPU.Build.0 = Release|Any CPU
		{49A9A341-DA57-4C40-9A76-4ABA81D9F5D3}.Release|x64.ActiveCfg = Release|Any CPU
		{49A9A341-DA57-4C40-9A76-4ABA81D9F5D3}.Release|x64.Build.0 = Release|Any CPU
		{49A9A341-DA57-4C40-9A76-4ABA81D9F5D3}.Release|x86.ActiveCfg = Release|Any CPU
		{49A9A341-DA57-4C40-9A76-4ABA81D9F5D3}.Release|x86.Build.0 = Release|Any CPU
		{34D95C26-F927-4B54-BFC2-05D234A2BD57}.Debug|Any CPU.ActiveCfg = Debug|Any CPU
		{34D95C26-F927-4B54-BFC2-05D234A2BD57}.Debug|Any CPU.Build.0 = Debug|Any CPU
		{34D95C26-F927-4B54-BFC2-05D234A2BD57}.Debug|x64.ActiveCfg = Debug|Any CPU
		{34D95C26-F927-4B54-BFC2-05D234A2BD57}.Debug|x64.Build.0 = Debug|Any CPU
		{34D95C26-F927-4B54-BFC2-05D234A2BD57}.Debug|x86.ActiveCfg = Debug|Any CPU
		{34D95C26-F927-4B54-BFC2-05D234A2BD57}.Debug|x86.Build.0 = Debug|Any CPU
		{34D95C26-F927-4B54-BFC2-05D234A2BD57}.Release|Any CPU.ActiveCfg = Release|Any CPU
		{34D95C26-F927-4B54-BFC2-05D234A2BD57}.Release|Any CPU.Build.0 = Release|Any CPU
		{34D95C26-F927-4B54-BFC2-05D234A2BD57}.Release|x64.ActiveCfg = Release|Any CPU
		{34D95C26-F927-4B54-BFC2-05D234A2BD57}.Release|x64.Build.0 = Release|Any CPU
		{34D95C26-F927-4B54-BFC2-05D234A2BD57}.Release|x86.ActiveCfg = Release|Any CPU
		{34D95C26-F927-4B54-BFC2-05D234A2BD57}.Release|x86.Build.0 = Release|Any CPU
		{0B055D9E-160D-4257-A1B4-718004C0F2A5}.Debug|Any CPU.ActiveCfg = Debug|Any CPU
		{0B055D9E-160D-4257-A1B4-718004C0F2A5}.Debug|Any CPU.Build.0 = Debug|Any CPU
		{0B055D9E-160D-4257-A1B4-718004C0F2A5}.Debug|x64.ActiveCfg = Debug|Any CPU
		{0B055D9E-160D-4257-A1B4-718004C0F2A5}.Debug|x64.Build.0 = Debug|Any CPU
		{0B055D9E-160D-4257-A1B4-718004C0F2A5}.Debug|x86.ActiveCfg = Debug|Any CPU
		{0B055D9E-160D-4257-A1B4-718004C0F2A5}.Debug|x86.Build.0 = Debug|Any CPU
		{0B055D9E-160D-4257-A1B4-718004C0F2A5}.Release|Any CPU.ActiveCfg = Release|Any CPU
		{0B055D9E-160D-4257-A1B4-718004C0F2A5}.Release|Any CPU.Build.0 = Release|Any CPU
		{0B055D9E-160D-4257-A1B4-718004C0F2A5}.Release|x64.ActiveCfg = Release|Any CPU
		{0B055D9E-160D-4257-A1B4-718004C0F2A5}.Release|x64.Build.0 = Release|Any CPU
		{0B055D9E-160D-4257-A1B4-718004C0F2A5}.Release|x86.ActiveCfg = Release|Any CPU
		{0B055D9E-160D-4257-A1B4-718004C0F2A5}.Release|x86.Build.0 = Release|Any CPU
	EndGlobalSection
	GlobalSection(SolutionProperties) = preSolution
		HideSolutionNode = FALSE
	EndGlobalSection
	GlobalSection(NestedProjects) = preSolution
		{00000003-0000-0000-0000-000000000003} = {827E0CD3-B72D-47B6-A68D-7590B98EB39B}
		{22A2BBD7-0BC5-63CD-3900-358D6B32308C} = {B36A84DF-456D-A817-6EDD-3EC3E7F6E11F}
		{2D2053B8-4761-40BB-A228-0BE302DB21E1} = {22A2BBD7-0BC5-63CD-3900-358D6B32308C}
		{AC08F67A-C7A0-4520-B17B-871252F0012D} = {827E0CD3-B72D-47B6-A68D-7590B98EB39B}
		{291242A0-A691-4602-B1BF-E88048C06943} = {0AB3BF05-4346-4AA6-1389-037BE0695223}
		{22A2BBD7-0BC5-63CD-3900-358D6B32308B} = {B36A84DF-456D-A817-6EDD-3EC3E7F6E11F}
		{0F8D0845-A565-4801-8671-D53832A4C174} = {22A2BBD7-0BC5-63CD-3900-358D6B32308B}
		{EF9B5406-2FDA-490F-A633-75E8E1EDFAE8} = {22A2BBD7-0BC5-63CD-3900-358D6B32308B}
		{49A9A341-DA57-4C40-9A76-4ABA81D9F5D3} = {22A2BBD7-0BC5-63CD-3900-358D6B32308B}
		{34D95C26-F927-4B54-BFC2-05D234A2BD57} = {0AB3BF05-4346-4AA6-1389-037BE0695223}
		{99AFFC27-0C58-57BB-6D2C-5998B78A12C3} = {B36A84DF-456D-A817-6EDD-3EC3E7F6E11F}
		{0B055D9E-160D-4257-A1B4-718004C0F2A5} = {99AFFC27-0C58-57BB-6D2C-5998B78A12C3}
	EndGlobalSection
EndGlobal
